
Microsoft Visual Studio Solution File, Format Version 12.00
# Visual Studio 15
VisualStudioVersion = 15.0.27703.2042
MinimumVisualStudioVersion = 10.0.40219.1
Project("{FAE04EC0-301F-11D3-BF4B-00C04F79EFBC}") = "File Encrypt", "File Encrypt\File Encrypt.csproj", "{6365C2A1-5404-49D3-8555-BD85F7AF0DC4}"
EndProject
Global
	GlobalSection(SolutionConfigurationPlatforms) = preSolution
		Debug|Any CPU = Debug|Any CPU
		Release|Any CPU = Release|Any CPU
	EndGlobalSection
	GlobalSection(ProjectConfigurationPlatforms) = postSolution
		{6365C2A1-5404-49D3-8555-BD85F7AF0DC4}.Debug|Any CPU.ActiveCfg = Debug|Any CPU
		{6365C2A1-5404-49D3-8555-BD85F7AF0DC4}.Debug|Any CPU.Build.0 = Debug|Any CPU
		{6365C2A1-5404-49D3-8555-BD85F7AF0DC4}.Release|Any CPU.ActiveCfg = Release|Any CPU
		{6365C2A1-5404-49D3-8555-BD85F7AF0DC4}.Release|Any CPU.Build.0 = Release|Any CPU
	EndGlobalSection
	GlobalSection(SolutionProperties) = preSolution
		HideSolutionNode = FALSE
	EndGlobalSection
	GlobalSection(ExtensibilityGlobals) = postSolution
		SolutionGuid = {47F63ECD-7DA2-43E7-9034-3FB9D76F9990}
	EndGlobalSection
EndGlobal
